<?xml version="1.0" encoding="utf-8"?>
<Project ToolsVersion="4.0" xmlns="http://schemas.microsoft.com/developer/msbuild/2003">
  <ItemGroup>
    <Filter Include="Libs">
      <UniqueIdentifier>{bf33854f-4469-401b-a5c3-1fbc74665a6d}</UniqueIdentifier>
      <Extensions>.lib</Extensions>
    </Filter>
    <Filter Include="Headers">
      <UniqueIdentifier>{91720b12-abb1-457b-a76c-47b84a658ee9}</UniqueIdentifier>
      <Extensions>.h</Extensions>
    </Filter>
  </ItemGroup>
  <ItemGroup>
    <Library Include="fmodvc.lib">
      <Filter>Libs</Filter>
    </Library>
    <Library Include="ddraw.lib">
      <Filter>Libs</Filter>
    </Library>
    <Library Include="dinput.lib">
      <Filter>Libs</Filter>
    </Library>
  </ItemGroup>
  <ItemGroup>
    <ClCompile Include="alpha_blend.cpp" />
    <ClCompile Include="ben_debug.cpp" />
    <ClCompile Include="ben_divers.cpp" />
    <ClCompile Include="ben_maths.cpp" />
    <ClCompile Include="blip.cpp" />
    <ClCompile Include="blip_n_blop_3.cpp" />
    <ClCompile Include="bulle.cpp" />
    <ClCompile Include="cine_player.cpp" />
    <ClCompile Include="config.cpp" />
    <ClCompile Include="couille.cpp" />
    <ClCompile Include="dd_gfx.cpp" />
    <ClCompile Include="enemy.cpp" />
    <ClCompile Include="ennemi_bisou_auto.cpp" />
    <ClCompile Include="ennemi_bisou_boom.cpp" />
    <ClCompile Include="ennemi_bisou_chaman.cpp" />
    <ClCompile Include="ennemi_bisou_ciel.cpp" />
    <ClCompile Include="ennemi_bisou_coeur.cpp" />
    <ClCompile Include="ennemi_bisou_etoile.cpp" />
    <ClCompile Include="ennemi_bisou_jedi.cpp" />
    <ClCompile Include="ennemi_bisou_nuage.cpp" />
    <ClCompile Include="ennemi_bisou_sib.cpp" />
    <ClCompile Include="ennemi_bisou_zombi.cpp" />
    <ClCompile Include="ennemi_bulbizarre.cpp" />
    <ClCompile Include="ennemi_bulbizarre_heros.cpp" />
    <ClCompile Include="ennemi_com.cpp" />
    <ClCompile Include="ennemi_com_heros.cpp" />
    <ClCompile Include="ennemi_com_volant.cpp" />
    <ClCompile Include="ennemi_diabolo.cpp" />
    <ClCompile Include="ennemi_flameche.cpp" />
    <ClCompile Include="ennemi_flameche_heros.cpp" />
    <ClCompile Include="ennemi_grand_smurf.cpp" />
    <ClCompile Include="ennemi_knukles.cpp" />
    <ClCompile Include="ennemi_lara.cpp" />
    <ClCompile Include="ennemi_lemmings.cpp" />
    <ClCompile Include="ennemi_luigi.cpp" />
    <ClCompile Include="ennemi_mario.cpp" />
    <ClCompile Include="ennemi_mario_hologramme.cpp" />
    <ClCompile Include="ennemi_mariotapette.cpp" />
    <ClCompile Include="ennemi_pacman.cpp" />
    <ClCompile Include="ennemi_pic.cpp" />
    <ClCompile Include="ennemi_pikachu.cpp" />
    <ClCompile Include="ennemi_pikashu_heros.cpp" />
    <ClCompile Include="ennemi_poid.cpp" />
    <ClCompile Include="ennemi_princesse.cpp" />
    <ClCompile Include="ennemi_princesseguard.cpp" />
    <ClCompile Include="ennemi_rayman.cpp" />
    <ClCompile Include="ennemi_smurf.cpp" />
    <ClCompile Include="ennemi_smurf_cigogne.cpp" />
    <ClCompile Include="ennemi_smurf_costaud.cpp" />
    <ClCompile Include="ennemi_smurf_farceur.cpp" />
    <ClCompile Include="ennemi_smurf_gourmand.cpp" />
    <ClCompile Include="ennemi_smurf_paysan.cpp" />
    <ClCompile Include="ennemi_smurf_sauvage.cpp" />
    <ClCompile Include="ennemi_smurfette.cpp" />
    <ClCompile Include="ennemi_snork_in_black.cpp" />
    <ClCompile Include="ennemi_snork_in_black_boss.cpp" />
    <ClCompile Include="ennemi_snorky_base_2.cpp" />
    <ClCompile Include="ennemi_snorky_gouverneur.cpp" />
    <ClCompile Include="ennemi_snorky_hyporider.cpp" />
    <ClCompile Include="ennemi_snorky_mage.cpp" />
    <ClCompile Include="ennemi_sonic.cpp" />
    <ClCompile Include="ennemi_sorky_base_1.cpp" />
    <ClCompile Include="ennemi_tails.cpp" />
    <ClCompile Include="ennemi_tailsvolant.cpp" />
    <ClCompile Include="ennemi_tete_rayman.cpp" />
    <ClCompile Include="ennemi_toad.cpp" />
    <ClCompile Include="ennemi_voiture_pacman.cpp" />
    <ClCompile Include="ennemi_yoshi.cpp" />
    <ClCompile Include="ennemi_yoshi_dca.cpp" />
    <ClCompile Include="event_bonus.cpp" />
    <ClCompile Include="event_ennemi.cpp" />
    <ClCompile Include="event_fond_anime.cpp" />
    <ClCompile Include="event_gen_ennemi.cpp" />
    <ClCompile Include="event_lock.cpp" />
    <ClCompile Include="event_mi_fond.cpp" />
    <ClCompile Include="event_music.cpp" />
    <ClCompile Include="event_premier_plan.cpp" />
    <ClCompile Include="event_vehicule.cpp" />
    <ClCompile Include="explosion.cpp" />
    <ClCompile Include="fond_assembleur.cpp" />
    <ClCompile Include="fond_battle_cruiser.cpp" />
    <ClCompile Include="fond_bombe.cpp" />
    <ClCompile Include="fond_bossventilo.cpp" />
    <ClCompile Include="fond_cube.cpp" />
    <ClCompile Include="fond_ecrancamera.cpp" />
    <ClCompile Include="fond_electronics.cpp" />
    <ClCompile Include="fond_etoile.cpp" />
    <ClCompile Include="fond_lampe_2.cpp" />
    <ClCompile Include="fond_lcd.cpp" />
    <ClCompile Include="fond_lumiere.cpp" />
    <ClCompile Include="fond_monolite.cpp" />
    <ClCompile Include="fond_piece.cpp" />
    <ClCompile Include="fond_poissons.cpp" />
    <ClCompile Include="fond_poke_ascenceur.cpp" />
    <ClCompile Include="fond_poke_ascenseur_2.cpp" />
    <ClCompile Include="fond_poke_caisse.cpp" />
    <ClCompile Include="fond_poke_caisse_plateforme.cpp" />
    <ClCompile Include="fond_poke_caisse_plateforme_2.cpp" />
    <ClCompile Include="fond_poke_caisse_tombante.cpp" />
    <ClCompile Include="fond_poke_ciel.cpp" />
    <ClCompile Include="fond_poke_interupteur.cpp" />
    <ClCompile Include="fond_poke_level_2.cpp" />
    <ClCompile Include="fond_poke_level_3.cpp" />
    <ClCompile Include="fond_ring.cpp" />
    <ClCompile Include="fond_rocher_1.cpp" />
    <ClCompile Include="fond_rocher_2.cpp" />
    <ClCompile Include="fond_rocher_hyperspace.cpp" />
    <ClCompile Include="fond_snork_sas.cpp" />
    <ClCompile Include="fond_tircruiser.cpp" />
    <ClCompile Include="fond_worldmap.cpp" />
    <ClCompile Include="fonte.cpp" />
    <ClCompile Include="game.cpp" />
    <ClCompile Include="gen_bonus.cpp" />
    <ClCompile Include="gen_ennemi.cpp" />
    <ClCompile Include="gen_ennemi_tmp.cpp" />
    <ClCompile Include="giclure.cpp" />
    <ClCompile Include="globals.cpp" />
    <ClCompile Include="gore_giclure.cpp" />
    <ClCompile Include="hi_scores.cpp" />
    <ClCompile Include="input.cpp" />
    <ClCompile Include="key_translator.cpp" />
    <ClCompile Include="l_timer.cpp" />
    <ClCompile Include="lgx_packer.cpp" />
    <ClCompile Include="make_bonus.cpp" />
    <ClCompile Include="menu_game.cpp" />
    <ClCompile Include="menu_main.cpp" />
    <ClCompile Include="meteo_neige.cpp" />
    <ClCompile Include="meteo_pluie.cpp" />
    <ClCompile Include="moceaux_tete_snorky.cpp" />
    <ClCompile Include="morceau_rayman.cpp" />
    <ClCompile Include="morceau_sonic_ring.cpp" />
    <ClCompile Include="morceau_tete_rayman.cpp" />
    <ClCompile Include="music_bank.cpp" />
    <ClCompile Include="personnage.cpp" />
    <ClCompile Include="picture.cpp" />
    <ClCompile Include="picture_bank.cpp" />
    <ClCompile Include="restore.cpp" />
    <ClCompile Include="rpg_player.cpp" />
    <ClCompile Include="scroll.cpp" />
    <ClCompile Include="sound.cpp" />
    <ClCompile Include="sound_bank.cpp" />
    <ClCompile Include="sound_bank_bb.cpp" />
    <ClCompile Include="sprite.cpp" />
    <ClCompile Include="super_liste.cpp" />
    <ClCompile Include="texte_cool.cpp" />
    <ClCompile Include="tir_bb.cpp" />
    <ClCompile Include="tir_bb_fusil.cpp" />
    <ClCompile Include="tir_bb_laser.cpp" />
    <ClCompile Include="tir_bb_vache.cpp" />
    <ClCompile Include="tir_bblf.cpp" />
    <ClCompile Include="tir_bbm16.cpp" />
    <ClCompile Include="tir_bbpm.cpp" />
    <ClCompile Include="tir_boule_chaman.cpp" />
    <ClCompile Include="tir_cadeau.cpp" />
    <ClCompile Include="tir_carapace.cpp" />
    <ClCompile Include="tir_coeur_bisou.cpp" />
    <ClCompile Include="tir_colonne_chaman.cpp" />
    <ClCompile Include="tir_cruiser_laser.cpp" />
    <ClCompile Include="tir_debouche_chiote.cpp" />
    <ClCompile Include="tir_epee_laser.cpp" />
    <ClCompile Include="tir_epine.cpp" />
    <ClCompile Include="tir_gateau.cpp" />
    <ClCompile Include="tir_mario_fireball.cpp" />
    <ClCompile Include="tir_mario_fireball_vertical.cpp" />
    <ClCompile Include="tir_nuage.cpp" />
    <ClCompile Include="tir_rayman_poing.cpp" />
    <ClCompile Include="tir_smurf_sauvage.cpp" />
    <ClCompile Include="tir_snorky_base.cpp" />
    <ClCompile Include="tir_snorky_base_2.cpp" />
    <ClCompile Include="tir_snorky_gouverneur.cpp" />
    <ClCompile Include="tir_snorky_mage.cpp" />
    <ClCompile Include="tir_sonic_eclair.cpp" />
    <ClCompile Include="tir_tornade.cpp" />
    <ClCompile Include="txt_data.cpp" />
    <ClCompile Include="vehicule.cpp" />
    <ClCompile Include="vehicule_cigogne.cpp" />
    <ClCompile Include="vehicule_hypo.cpp" />
    <ClCompile Include="graphics.cpp" />
  </ItemGroup>
  <ItemGroup>
    <ClInclude Include="alpha_blend.h">
      <Filter>Headers</Filter>
    </ClInclude>
    <ClInclude Include="ben_debug.h">
      <Filter>Headers</Filter>
    </ClInclude>
    <ClInclude Include="ben_divers.h">
      <Filter>Headers</Filter>
    </ClInclude>
    <ClInclude Include="ben_maths.h">
      <Filter>Headers</Filter>
    </ClInclude>
    <ClInclude Include="blip.h">
      <Filter>Headers</Filter>
    </ClInclude>
    <ClInclude Include="blop.h">
      <Filter>Headers</Filter>
    </ClInclude>
    <ClInclude Include="bonus.h">
      <Filter>Headers</Filter>
    </ClInclude>
    <ClInclude Include="bonus_beer.h">
      <Filter>Headers</Filter>
    </ClInclude>
    <ClInclude Include="bonus_fusil.h">
      <Filter>Headers</Filter>
    </ClInclude>
    <ClInclude Include="bonus_invincible.h">
      <Filter>Headers</Filter>
    </ClInclude>
    <ClInclude Include="bonus_laser.h">
      <Filter>Headers</Filter>
    </ClInclude>
    <ClInclude Include="bonus_lf.h">
      <Filter>Headers</Filter>
    </ClInclude>
    <ClInclude Include="bonus_pm.h">
      <Filter>Headers</Filter>
    </ClInclude>
    <ClInclude Include="bonus_tonneau.h">
      <Filter>Headers</Filter>
    </ClInclude>
    <ClInclude Include="bonus_vache.h">
      <Filter>Headers</Filter>
    </ClInclude>
    <ClInclude Include="bulle.h">
      <Filter>Headers</Filter>
    </ClInclude>
    <ClInclude Include="cine_player.h">
      <Filter>Headers</Filter>
    </ClInclude>
    <ClInclude Include="config.h">
      <Filter>Headers</Filter>
    </ClInclude>
    <ClInclude Include="control_alias.h">
      <Filter>Headers</Filter>
    </ClInclude>
    <ClInclude Include="control_p1.h">
      <Filter>Headers</Filter>
    </ClInclude>
    <ClInclude Include="control_p2.h">
      <Filter>Headers</Filter>
    </ClInclude>
    <ClInclude Include="controlor.h">
      <Filter>Headers</Filter>
    </ClInclude>
    <ClInclude Include="couille.h">
      <Filter>Headers</Filter>
    </ClInclude>
    <ClInclude Include="dd_gfx.h">
      <Filter>Headers</Filter>
    </ClInclude>
    <ClInclude Include="enemy.h">
      <Filter>Headers</Filter>
    </ClInclude>
    <ClInclude Include="ennemi_bisou_auto.h">
      <Filter>Headers</Filter>
    </ClInclude>
    <ClInclude Include="ennemi_bisou_boom.h">
      <Filter>Headers</Filter>
    </ClInclude>
    <ClInclude Include="ennemi_bisou_chaman.h">
      <Filter>Headers</Filter>
    </ClInclude>
    <ClInclude Include="ennemi_bisou_ciel.h">
      <Filter>Headers</Filter>
    </ClInclude>
    <ClInclude Include="ennemi_bisou_coeur.h">
      <Filter>Headers</Filter>
    </ClInclude>
    <ClInclude Include="ennemi_bisou_etoile.h">
      <Filter>Headers</Filter>
    </ClInclude>
    <ClInclude Include="ennemi_bisou_jedi.h">
      <Filter>Headers</Filter>
    </ClInclude>
    <ClInclude Include="ennemi_bisou_nuage.h">
      <Filter>Headers</Filter>
    </ClInclude>
    <ClInclude Include="ennemi_bisou_sib.h">
      <Filter>Headers</Filter>
    </ClInclude>
    <ClInclude Include="ennemi_bisou_zombi.h">
      <Filter>Headers</Filter>
    </ClInclude>
    <ClInclude Include="ennemi_bulbizarre.h">
      <Filter>Headers</Filter>
    </ClInclude>
    <ClInclude Include="ennemi_bulbizarre_heros.h">
      <Filter>Headers</Filter>
    </ClInclude>
    <ClInclude Include="ennemi_com.h">
      <Filter>Headers</Filter>
    </ClInclude>
    <ClInclude Include="ennemi_com_heros.h">
      <Filter>Headers</Filter>
    </ClInclude>
    <ClInclude Include="ennemi_com_volant.h">
      <Filter>Headers</Filter>
    </ClInclude>
    <ClInclude Include="ennemi_diabolo.h">
      <Filter>Headers</Filter>
    </ClInclude>
    <ClInclude Include="ennemi_flameche.h">
      <Filter>Headers</Filter>
    </ClInclude>
    <ClInclude Include="ennemi_flameche_heros.h">
      <Filter>Headers</Filter>
    </ClInclude>
    <ClInclude Include="ennemi_grand_smurf.h">
      <Filter>Headers</Filter>
    </ClInclude>
    <ClInclude Include="ennemi_knukles.h">
      <Filter>Headers</Filter>
    </ClInclude>
    <ClInclude Include="ennemi_lara.h">
      <Filter>Headers</Filter>
    </ClInclude>
    <ClInclude Include="ennemi_lemmings.h">
      <Filter>Headers</Filter>
    </ClInclude>
    <ClInclude Include="ennemi_lemmings_volant.h">
      <Filter>Headers</Filter>
    </ClInclude>
    <ClInclude Include="ennemi_luigi.h">
      <Filter>Headers</Filter>
    </ClInclude>
    <ClInclude Include="ennemi_mario.h">
      <Filter>Headers</Filter>
    </ClInclude>
    <ClInclude Include="ennemi_mario_hologramme.h">
      <Filter>Headers</Filter>
    </ClInclude>
    <ClInclude Include="ennemi_mariotapette.h">
      <Filter>Headers</Filter>
    </ClInclude>
    <ClInclude Include="ennemi_pacman.h">
      <Filter>Headers</Filter>
    </ClInclude>
    <ClInclude Include="ennemi_pic.h">
      <Filter>Headers</Filter>
    </ClInclude>
    <ClInclude Include="ennemi_pikachu.h">
      <Filter>Headers</Filter>
    </ClInclude>
    <ClInclude Include="ennemi_pikashu_heros.h">
      <Filter>Headers</Filter>
    </ClInclude>
    <ClInclude Include="ennemi_poid.h">
      <Filter>Headers</Filter>
    </ClInclude>
    <ClInclude Include="ennemi_princesse.h">
      <Filter>Headers</Filter>
    </ClInclude>
    <ClInclude Include="ennemi_princesseguard.h">
      <Filter>Headers</Filter>
    </ClInclude>
    <ClInclude Include="ennemi_rayman.h">
      <Filter>Headers</Filter>
    </ClInclude>
    <ClInclude Include="ennemi_smurf.h">
      <Filter>Headers</Filter>
    </ClInclude>
    <ClInclude Include="ennemi_smurf_a_lunettes.h">
      <Filter>Headers</Filter>
    </ClInclude>
    <ClInclude Include="ennemi_smurf_cigogne.h">
      <Filter>Headers</Filter>
    </ClInclude>
    <ClInclude Include="ennemi_smurf_coquet.h">
      <Filter>Headers</Filter>
    </ClInclude>
    <ClInclude Include="ennemi_smurf_costaud.h">
      <Filter>Headers</Filter>
    </ClInclude>
    <ClInclude Include="ennemi_smurf_farceur.h">
      <Filter>Headers</Filter>
    </ClInclude>
    <ClInclude Include="ennemi_smurf_frileux.h">
      <Filter>Headers</Filter>
    </ClInclude>
    <ClInclude Include="ennemi_smurf_gourmand.h">
      <Filter>Headers</Filter>
    </ClInclude>
    <ClInclude Include="ennemi_smurf_paresseux.h">
      <Filter>Headers</Filter>
    </ClInclude>
    <ClInclude Include="ennemi_smurf_paysan.h">
      <Filter>Headers</Filter>
    </ClInclude>
    <ClInclude Include="ennemi_smurf_peon.h">
      <Filter>Headers</Filter>
    </ClInclude>
    <ClInclude Include="ennemi_smurf_sauvage.h">
      <Filter>Headers</Filter>
    </ClInclude>
    <ClInclude Include="ennemi_smurfette.h">
      <Filter>Headers</Filter>
    </ClInclude>
    <ClInclude Include="ennemi_snork_base_1.h">
      <Filter>Headers</Filter>
    </ClInclude>
    <ClInclude Include="ennemi_snork_in_black.h">
      <Filter>Headers</Filter>
    </ClInclude>
    <ClInclude Include="ennemi_snork_in_black_boss.h">
      <Filter>Headers</Filter>
    </ClInclude>
    <ClInclude Include="ennemi_snorky_base_1.h">
      <Filter>Headers</Filter>
    </ClInclude>
    <ClInclude Include="ennemi_snorky_base_2.h">
      <Filter>Headers</Filter>
    </ClInclude>
    <ClInclude Include="ennemi_snorky_gouverneur.h">
      <Filter>Headers</Filter>
    </ClInclude>
    <ClInclude Include="ennemi_snorky_hyporider.h">
      <Filter>Headers</Filter>
    </ClInclude>
    <ClInclude Include="ennemi_snorky_mage.h">
      <Filter>Headers</Filter>
    </ClInclude>
    <ClInclude Include="ennemi_sonic.h">
      <Filter>Headers</Filter>
    </ClInclude>
    <ClInclude Include="ennemi_tails.h">
      <Filter>Headers</Filter>
    </ClInclude>
    <ClInclude Include="ennemi_tailsvolant.h">
      <Filter>Headers</Filter>
    </ClInclude>
    <ClInclude Include="ennemi_tete___rayman.h">
      <Filter>Headers</Filter>
    </ClInclude>
    <ClInclude Include="ennemi_toad.h">
      <Filter>Headers</Filter>
    </ClInclude>
    <ClInclude Include="ennemi_voiture_pacman.h">
      <Filter>Headers</Filter>
    </ClInclude>
    <ClInclude Include="ennemi_yoshi.h">
      <Filter>Headers</Filter>
    </ClInclude>
    <ClInclude Include="ennemi_yoshi_dca.h">
      <Filter>Headers</Filter>
    </ClInclude>
    <ClInclude Include="event.h">
      <Filter>Headers</Filter>
    </ClInclude>
    <ClInclude Include="event_bonus.h">
      <Filter>Headers</Filter>
    </ClInclude>
    <ClInclude Include="event_ennemi.h">
      <Filter>Headers</Filter>
    </ClInclude>
    <ClInclude Include="event_fond_anime.h">
      <Filter>Headers</Filter>
    </ClInclude>
    <ClInclude Include="event_gen_bonus.h">
      <Filter>Headers</Filter>
    </ClInclude>
    <ClInclude Include="event_gen_ennemi.h">
      <Filter>Headers</Filter>
    </ClInclude>
    <ClInclude Include="event_hold_fire.h">
      <Filter>Headers</Filter>
    </ClInclude>
    <ClInclude Include="event_lock.h">
      <Filter>Headers</Filter>
    </ClInclude>
    <ClInclude Include="event_meteo.h">
      <Filter>Headers</Filter>
    </ClInclude>
    <ClInclude Include="event_mi_fond.h">
      <Filter>Headers</Filter>
    </ClInclude>
    <ClInclude Include="event_music.h">
      <Filter>Headers</Filter>
    </ClInclude>
    <ClInclude Include="event_premier_plan.h">
      <Filter>Headers</Filter>
    </ClInclude>
    <ClInclude Include="event_rpg.h">
      <Filter>Headers</Filter>
    </ClInclude>
    <ClInclude Include="event_scroll_speed.h">
      <Filter>Headers</Filter>
    </ClInclude>
    <ClInclude Include="event_set_flag.h">
      <Filter>Headers</Filter>
    </ClInclude>
    <ClInclude Include="event_son.h">
      <Filter>Headers</Filter>
    </ClInclude>
    <ClInclude Include="event_texte.h">
      <Filter>Headers</Filter>
    </ClInclude>
    <ClInclude Include="event_vehicule.h">
      <Filter>Headers</Filter>
    </ClInclude>
    <ClInclude Include="explosion.h">
      <Filter>Headers</Filter>
    </ClInclude>
    <ClInclude Include="fic_events.h">
      <Filter>Headers</Filter>
    </ClInclude>
    <ClInclude Include="fmod.h">
      <Filter>Headers</Filter>
    </ClInclude>
    <ClInclude Include="fmod__errors.h">
      <Filter>Headers</Filter>
    </ClInclude>
    <ClInclude Include="fond_assembleur.h">
      <Filter>Headers</Filter>
    </ClInclude>
    <ClInclude Include="fond_battle_cruiser.h">
      <Filter>Headers</Filter>
    </ClInclude>
    <ClInclude Include="fond_bombe.h">
      <Filter>Headers</Filter>
    </ClInclude>
    <ClInclude Include="fond_bossventilo.h">
      <Filter>Headers</Filter>
    </ClInclude>
    <ClInclude Include="fond_cube.h">
      <Filter>Headers</Filter>
    </ClInclude>
    <ClInclude Include="fond_dos.h">
      <Filter>Headers</Filter>
    </ClInclude>
    <ClInclude Include="fond_drapeau.h">
      <Filter>Headers</Filter>
    </ClInclude>
    <ClInclude Include="fond_eau.h">
      <Filter>Headers</Filter>
    </ClInclude>
    <ClInclude Include="fond_ecrancamera.h">
      <Filter>Headers</Filter>
    </ClInclude>
    <ClInclude Include="fond_ecraneige.h">
      <Filter>Headers</Filter>
    </ClInclude>
    <ClInclude Include="fond_electronics.h">
      <Filter>Headers</Filter>
    </ClInclude>
    <ClInclude Include="fond_etoile.h">
      <Filter>Headers</Filter>
    </ClInclude>
    <ClInclude Include="fond_lampe_2.h">
      <Filter>Headers</Filter>
    </ClInclude>
    <ClInclude Include="fond_lcd.h">
      <Filter>Headers</Filter>
    </ClInclude>
    <ClInclude Include="fond_lumiere.h">
      <Filter>Headers</Filter>
    </ClInclude>
    <ClInclude Include="fond_monolite.h">
      <Filter>Headers</Filter>
    </ClInclude>
    <ClInclude Include="fond_piece.h">
      <Filter>Headers</Filter>
    </ClInclude>
    <ClInclude Include="fond_poissons.h">
      <Filter>Headers</Filter>
    </ClInclude>
    <ClInclude Include="fond_poke_alarme_1.h">
      <Filter>Headers</Filter>
    </ClInclude>
    <ClInclude Include="fond_poke_ascenceur.h">
      <Filter>Headers</Filter>
    </ClInclude>
    <ClInclude Include="fond_poke_ascenseur_2.h">
      <Filter>Headers</Filter>
    </ClInclude>
    <ClInclude Include="fond_poke_caisse.h">
      <Filter>Headers</Filter>
    </ClInclude>
    <ClInclude Include="fond_poke_caisse_plateforme.h">
      <Filter>Headers</Filter>
    </ClInclude>
    <ClInclude Include="fond_poke_caisse_plateforme_2.h">
      <Filter>Headers</Filter>
    </ClInclude>
    <ClInclude Include="fond_poke_caisse_tombante.h">
      <Filter>Headers</Filter>
    </ClInclude>
    <ClInclude Include="fond_poke_ciel.h">
      <Filter>Headers</Filter>
    </ClInclude>
    <ClInclude Include="fond_poke_fleche.h">
      <Filter>Headers</Filter>
    </ClInclude>
    <ClInclude Include="fond_poke_interupteur.h">
      <Filter>Headers</Filter>
    </ClInclude>
    <ClInclude Include="fond_poke_level_2.h">
      <Filter>Headers</Filter>
    </ClInclude>
    <ClInclude Include="fond_poke_level_3.h">
      <Filter>Headers</Filter>
    </ClInclude>
    <ClInclude Include="fond_ring.h">
      <Filter>Headers</Filter>
    </ClInclude>
    <ClInclude Include="fond_rocher_1.h">
      <Filter>Headers</Filter>
    </ClInclude>
    <ClInclude Include="fond_rocher_2.h">
      <Filter>Headers</Filter>
    </ClInclude>
    <ClInclude Include="fond_rocher_hyperspace.h">
      <Filter>Headers</Filter>
    </ClInclude>
    <ClInclude Include="fond_snork_sas.h">
      <Filter>Headers</Filter>
    </ClInclude>
    <ClInclude Include="fond_statique.h">
      <Filter>Headers</Filter>
    </ClInclude>
    <ClInclude Include="fond_test.h">
      <Filter>Headers</Filter>
    </ClInclude>
    <ClInclude Include="fond_tir_cruiser.h">
      <Filter>Headers</Filter>
    </ClInclude>
    <ClInclude Include="fond_tournesol_1.h">
      <Filter>Headers</Filter>
    </ClInclude>
    <ClInclude Include="fond_tournesol_2.h">
      <Filter>Headers</Filter>
    </ClInclude>
    <ClInclude Include="fond_tournesol_3.h">
      <Filter>Headers</Filter>
    </ClInclude>
    <ClInclude Include="fond_tournesol_4.h">
      <Filter>Headers</Filter>
    </ClInclude>
    <ClInclude Include="fond_ventilo.h">
      <Filter>Headers</Filter>
    </ClInclude>
    <ClInclude Include="fond_windows.h">
      <Filter>Headers</Filter>
    </ClInclude>
    <ClInclude Include="fond_worldmap.h">
      <Filter>Headers</Filter>
    </ClInclude>
    <ClInclude Include="fonte.h">
      <Filter>Headers</Filter>
    </ClInclude>
    <ClInclude Include="game.h">
      <Filter>Headers</Filter>
    </ClInclude>
    <ClInclude Include="gen_bonus.h">
      <Filter>Headers</Filter>
    </ClInclude>
    <ClInclude Include="gen_ennemi.h">
      <Filter>Headers</Filter>
    </ClInclude>
    <ClInclude Include="gen_ennemi_tmp.h">
      <Filter>Headers</Filter>
    </ClInclude>
    <ClInclude Include="giclure.h">
      <Filter>Headers</Filter>
    </ClInclude>
    <ClInclude Include="globals.h">
      <Filter>Headers</Filter>
    </ClInclude>
    <ClInclude Include="gore_bisou_auto.h">
      <Filter>Headers</Filter>
    </ClInclude>
    <ClInclude Include="gore_bisou_boom.h">
      <Filter>Headers</Filter>
    </ClInclude>
    <ClInclude Include="gore_giclure.h">
      <Filter>Headers</Filter>
    </ClInclude>
    <ClInclude Include="gore_pied_bisou_zombi.h">
      <Filter>Headers</Filter>
    </ClInclude>
    <ClInclude Include="gore_pieds_bisou_ciel.h">
      <Filter>Headers</Filter>
    </ClInclude>
    <ClInclude Include="gore_pieds_bisou_etoile.h">
      <Filter>Headers</Filter>
    </ClInclude>
    <ClInclude Include="gore_tete_bisou_coeur.h">
      <Filter>Headers</Filter>
    </ClInclude>
    <ClInclude Include="hi_scores.h">
      <Filter>Headers</Filter>
    </ClInclude>
    <ClInclude Include="impactlaser.h">
      <Filter>Headers</Filter>
    </ClInclude>
    <ClInclude Include="input.h">
      <Filter>Headers</Filter>
    </ClInclude>
    <ClInclude Include="joueur.h">
      <Filter>Headers</Filter>
    </ClInclude>
    <ClInclude Include="key_translator.h">
      <Filter>Headers</Filter>
    </ClInclude>
    <ClInclude Include="l_timer.h">
      <Filter>Headers</Filter>
    </ClInclude>
    <ClInclude Include="lgx_packer.h">
      <Filter>Headers</Filter>
    </ClInclude>
    <ClInclude Include="make_bonus.h">
      <Filter>Headers</Filter>
    </ClInclude>
    <ClInclude Include="menu_game.h">
      <Filter>Headers</Filter>
    </ClInclude>
    <ClInclude Include="menu_main.h">
      <Filter>Headers</Filter>
    </ClInclude>
    <ClInclude Include="meteo_neige.h">
      <Filter>Headers</Filter>
    </ClInclude>
    <ClInclude Include="meteo_pluie.h">
      <Filter>Headers</Filter>
    </ClInclude>
    <ClInclude Include="morceau_rayman.h">
      <Filter>Headers</Filter>
    </ClInclude>
    <ClInclude Include="morceau_sonic_ring.h">
      <Filter>Headers</Filter>
    </ClInclude>
    <ClInclude Include="morceau_tete_rayman.h">
      <Filter>Headers</Filter>
    </ClInclude>
    <ClInclude Include="morceaux_tete_snorky.h">
      <Filter>Headers</Filter>
    </ClInclude>
    <ClInclude Include="music_bank.h">
      <Filter>Headers</Filter>
    </ClInclude>
    <ClInclude Include="p_plan_test.h">
      <Filter>Headers</Filter>
    </ClInclude>
    <ClInclude Include="personnage.h">
      <Filter>Headers</Filter>
    </ClInclude>
    <ClInclude Include="picture.h">
      <Filter>Headers</Filter>
    </ClInclude>
    <ClInclude Include="picture_bank.h">
      <Filter>Headers</Filter>
    </ClInclude>
    <ClInclude Include="precache.h">
      <Filter>Headers</Filter>
    </ClInclude>
    <ClInclude Include="restore.h">
      <Filter>Headers</Filter>
    </ClInclude>
    <ClInclude Include="rpg_player.h">
      <Filter>Headers</Filter>
    </ClInclude>
    <ClInclude Include="scroll.h">
      <Filter>Headers</Filter>
    </ClInclude>
    <ClInclude Include="sound.h">
      <Filter>Headers</Filter>
    </ClInclude>
    <ClInclude Include="sound_bank.h">
      <Filter>Headers</Filter>
    </ClInclude>
    <ClInclude Include="sound_bank_bb.h">
      <Filter>Headers</Filter>
    </ClInclude>
    <ClInclude Include="sprite.h">
      <Filter>Headers</Filter>
    </ClInclude>
    <ClInclude Include="STDAFX.H">
      <Filter>Headers</Filter>
    </ClInclude>
    <ClInclude Include="super_liste.h">
      <Filter>Headers</Filter>
    </ClInclude>
    <ClInclude Include="texte_cool.h">
      <Filter>Headers</Filter>
    </ClInclude>
    <ClInclude Include="tir.h">
      <Filter>Headers</Filter>
    </ClInclude>
    <ClInclude Include="tir_arc_ciel.h">
      <Filter>Headers</Filter>
    </ClInclude>
    <ClInclude Include="tir_bb.h">
      <Filter>Headers</Filter>
    </ClInclude>
    <ClInclude Include="tir_bb_fusil.h">
      <Filter>Headers</Filter>
    </ClInclude>
    <ClInclude Include="tir_bb_laser.h">
      <Filter>Headers</Filter>
    </ClInclude>
    <ClInclude Include="tir_bb_vache.h">
      <Filter>Headers</Filter>
    </ClInclude>
    <ClInclude Include="tir_bblf.h">
      <Filter>Headers</Filter>
    </ClInclude>
    <ClInclude Include="tir_bbm16.h">
      <Filter>Headers</Filter>
    </ClInclude>
    <ClInclude Include="tir_bbpm.h">
      <Filter>Headers</Filter>
    </ClInclude>
    <ClInclude Include="tir_bisou_mortel.h">
      <Filter>Headers</Filter>
    </ClInclude>
    <ClInclude Include="tir_boule_chaman.h">
      <Filter>Headers</Filter>
    </ClInclude>
    <ClInclude Include="tir_cadeau.h">
      <Filter>Headers</Filter>
    </ClInclude>
    <ClInclude Include="tir_carapace.h">
      <Filter>Headers</Filter>
    </ClInclude>
    <ClInclude Include="tir_coeur_bisou.h">
      <Filter>Headers</Filter>
    </ClInclude>
    <ClInclude Include="tir_colonne_chaman.h">
      <Filter>Headers</Filter>
    </ClInclude>
    <ClInclude Include="tir_cruiser_laser.h">
      <Filter>Headers</Filter>
    </ClInclude>
    <ClInclude Include="tir_debouche_chiote.h">
      <Filter>Headers</Filter>
    </ClInclude>
    <ClInclude Include="tir_epee_laser.h">
      <Filter>Headers</Filter>
    </ClInclude>
    <ClInclude Include="tir_epine.h">
      <Filter>Headers</Filter>
    </ClInclude>
    <ClInclude Include="tir_etoile.h">
      <Filter>Headers</Filter>
    </ClInclude>
    <ClInclude Include="tir_gateau.h">
      <Filter>Headers</Filter>
    </ClInclude>
    <ClInclude Include="tir_hadoken.h">
      <Filter>Headers</Filter>
    </ClInclude>
    <ClInclude Include="tir_mario_fireball.h">
      <Filter>Headers</Filter>
    </ClInclude>
    <ClInclude Include="tir_mario_fireball_vertical.h">
      <Filter>Headers</Filter>
    </ClInclude>
    <ClInclude Include="tir_nuage.h">
      <Filter>Headers</Filter>
    </ClInclude>
    <ClInclude Include="tir_rayman_poing.h">
      <Filter>Headers</Filter>
    </ClInclude>
    <ClInclude Include="tir_smurf_sauvage.h">
      <Filter>Headers</Filter>
    </ClInclude>
    <ClInclude Include="tir_snorky_base_2.h">
      <Filter>Headers</Filter>
    </ClInclude>
    <ClInclude Include="tir_snorky_gouverneur.h">
      <Filter>Headers</Filter>
    </ClInclude>
    <ClInclude Include="tir_snorky_mage.h">
      <Filter>Headers</Filter>
    </ClInclude>
    <ClInclude Include="tir_snorkybase.h">
      <Filter>Headers</Filter>
    </ClInclude>
    <ClInclude Include="tir_sonic_eclair.h">
      <Filter>Headers</Filter>
    </ClInclude>
    <ClInclude Include="tir_tornade.h">
      <Filter>Headers</Filter>
    </ClInclude>
    <ClInclude Include="trace.h">
      <Filter>Headers</Filter>
    </ClInclude>
    <ClInclude Include="txt_data.h">
      <Filter>Headers</Filter>
    </ClInclude>
    <ClInclude Include="vehicule.h">
      <Filter>Headers</Filter>
    </ClInclude>
    <ClInclude Include="vehicule_hypo.h">
      <Filter>Headers</Filter>
    </ClInclude>
    <ClInclude Include="vehicule_test_tourelle.h">
      <Filter>Headers</Filter>
    </ClInclude>
    <ClInclude Include="vehivule_cigogne.h">
      <Filter>Headers</Filter>
    </ClInclude>
    <ClInclude Include="graphics.h">
      <Filter>Headers</Filter>
    </ClInclude>
    <ClInclude Include="sdl_texture.h">
      <Filter>Headers</Filter>
    </ClInclude>
    <ClInclude Include="sdl_surface.h">
      <Filter>Headers</Filter>
    </ClInclude>
  </ItemGroup>
</Project>